
Microsoft Visual Studio Solution File, Format Version 12.00
# Visual Studio Version 16
VisualStudioVersion = 16.0.31605.320
MinimumVisualStudioVersion = 10.0.40219.1
Project("{FAE04EC0-301F-11D3-BF4B-00C04F79EFBC}") = "DependencyInjection.Examples.Host", "DependencyInjection.Examples.Host\DependencyInjection.Examples.Host.csproj", "{54676B7A-4F3C-4B22-A5D4-D4A10628D261}"
EndProject
Global
	GlobalSection(SolutionConfigurationPlatforms) = preSolution
		Debug|Any CPU = Debug|Any CPU
		Release|Any CPU = Release|Any CPU
	EndGlobalSection
	GlobalSection(ProjectConfigurationPlatforms) = postSolution
		{54676B7A-4F3C-4B22-A5D4-D4A10628D261}.Debug|Any CPU.ActiveCfg = Debug|Any CPU
		{54676B7A-4F3C-4B22-A5D4-D4A10628D261}.Debug|Any CPU.Build.0 = Debug|Any CPU
		{54676B7A-4F3C-4B22-A5D4-D4A10628D261}.Release|Any CPU.ActiveCfg = Release|Any CPU
		{54676B7A-4F3C-4B22-A5D4-D4A10628D261}.Release|Any CPU.Build.0 = Release|Any CPU
	EndGlobalSection
	GlobalSection(SolutionProperties) = preSolution
		HideSolutionNode = FALSE
	EndGlobalSection
	GlobalSection(ExtensibilityGlobals) = postSolution
		SolutionGuid = {E739827F-573C-46BE-829F-BE4DEF265626}
	EndGlobalSection
EndGlobal
